
Microsoft Visual Studio Solution File, Format Version 12.00
# Visual Studio Version 17
VisualStudioVersion = 17.14.36915.13 d17.14
MinimumVisualStudioVersion = 10.0.40219.1
Project("{FAE04EC0-301F-11D3-BF4B-00C04F79EFBC}") = "Cyber Security Bot", "Cyber Security Bot\Cyber Security Bot.csproj", "{51FCFA4D-0CDF-4EB8-819E-465FCBE7E553}"
EndProject
Global
	GlobalSection(SolutionConfigurationPlatforms) = preSolution
		Debug|Any CPU = Debug|Any CPU
		Release|Any CPU = Release|Any CPU
	EndGlobalSection
	GlobalSection(ProjectConfigurationPlatforms) = postSolution
		{51FCFA4D-0CDF-4EB8-819E-465FCBE7E553}.Debug|Any CPU.ActiveCfg = Debug|Any CPU
		{51FCFA4D-0CDF-4EB8-819E-465FCBE7E553}.Debug|Any CPU.Build.0 = Debug|Any CPU
		{51FCFA4D-0CDF-4EB8-819E-465FCBE7E553}.Release|Any CPU.ActiveCfg = Release|Any CPU
		{51FCFA4D-0CDF-4EB8-819E-465FCBE7E553}.Release|Any CPU.Build.0 = Release|Any CPU
	EndGlobalSection
	GlobalSection(SolutionProperties) = preSolution
		HideSolutionNode = FALSE
	EndGlobalSection
	GlobalSection(ExtensibilityGlobals) = postSolution
		SolutionGuid = {24EC546C-F480-48D7-B805-C1D316BF8FC8}
	EndGlobalSection
EndGlobal
